// !$*UTF8*$!
{
	archiveVersion = 1;
	classes = {
	};
	objectVersion = 50;
	objects = {

/* Begin PBXBuildFile section */
		04531A7F23AC4F9500975066 /* AppDelegate.swift in Sources */ = {isa = PBXBuildFile; fileRef = 04531A7E23AC4F9500975066 /* AppDelegate.swift */; };
		04531A8123AC4F9500975066 /* ViewController.swift in Sources */ = {isa = PBXBuildFile; fileRef = 04531A8023AC4F9500975066 /* ViewController.swift */; };
		04531A8423AC4F9500975066 /* Main.storyboard in Resources */ = {isa = PBXBuildFile; fileRef = 04531A8223AC4F9500975066 /* Main.storyboard */; };
		04531A8623AC4F9900975066 /* Assets.xcassets in Resources */ = {isa = PBXBuildFile; fileRef = 04531A8523AC4F9900975066 /* Assets.xcassets */; };
		04531A8923AC4F9900975066 /* LaunchScreen.storyboard in Resources */ = {isa = PBXBuildFile; fileRef = 04531A8723AC4F9900975066 /* LaunchScreen.storyboard */; };
		04531A9423AC4F9900975066 /* Tip_CalTests.swift in Sources */ = {isa = PBXBuildFile; fileRef = 04531A9323AC4F9900975066 /* Tip_CalTests.swift */; };
		04531A9F23AC4F9900975066 /* Tip_CalUITests.swift in Sources */ = {isa = PBXBuildFile; fileRef = 04531A9E23AC4F9900975066 /* Tip_CalUITests.swift */; };
/* End PBXBuildFile section */

/* Begin PBXContainerItemProxy section */
		04531A9023AC4F9900975066 /* PBXContainerItemProxy */ = {
			isa = PBXContainerItemProxy;
			containerPortal = 04531A7323AC4F9500975066 /* Project object */;
			proxyType = 1;
			remoteGlobalIDString = 04531A7A23AC4F9500975066;
			remoteInfo = "Tip Cal";
		};
		04531A9B23AC4F9900975066 /* PBXContainerItemProxy */ = {
			isa = PBXContainerItemProxy;
			containerPortal = 04531A7323AC4F9500975066 /* Project object */;
			proxyType = 1;
			remoteGlobalIDString = 04531A7A23AC4F9500975066;
			remoteInfo = "Tip Cal";
		};
/* End PBXContainerItemProxy section */

/* Begin PBXFileReference section */
		04531A7B23AC4F9500975066 /* Tip Cal.app */ = {isa = PBXFileReference; explicitFileType = wrapper.application; includeInIndex = 0; path = "Tip Cal.app"; sourceTree = BUILT_PRODUCTS_DIR; };
		04531A7E23AC4F9500975066 /* AppDelegate.swift */ = {isa = PBXFileReference; lastKnownFileType = sourcecode.swift; path = AppDelegate.swift; sourceTree = "<group>"; };
		04531A8023AC4F9500975066 /* ViewController.swift */ = {isa = PBXFileReference; lastKnownFileType = sourcecode.swift; path = ViewController.swift; sourceTree = "<group>"; };
		04531A8323AC4F9500975066 /* Base */ = {isa = PBXFileReference; lastKnownFileType = file.storyboard; name = Base; path = Base.lproj/Main.storyboard; sourceTree = "<group>"; };
		04531A8523AC4F9900975066 /* Assets.xcassets */ = {isa = PBXFileReference; lastKnownFileType = folder.assetcatalog; path = Assets.xcassets; sourceTree = "<group>"; };
		04531A8823AC4F9900975066 /* Base */ = {isa = PBXFileReference; lastKnownFileType = file.storyboard; name = Base; path = Base.lproj/LaunchScreen.storyboard; sourceTree = "<group>"; };
		04531A8A23AC4F9900975066 /* Info.plist */ = {isa = PBXFileReference; lastKnownFileType = text.plist.xml; path = Info.plist; sourceTree = "<group>"; };
		04531A8F23AC4F9900975066 /* Tip CalTests.xctest */ = {isa = PBXFileReference; explicitFileType = wrapper.cfbundle; includeInIndex = 0; path = "Tip CalTests.xctest"; sourceTree = BUILT_PRODUCTS_DIR; };
		04531A9323AC4F9900975066 /* Tip_CalTests.swift */ = {isa = PBXFileReference; lastKnownFileType = sourcecode.swift; path = Tip_CalTests.swift; sourceTree = "<group>"; };
		04531A9523AC4F9900975066 /* Info.plist */ = {isa = PBXFileReference; lastKnownFileType = text.plist.xml; path = Info.plist; sourceTree = "<group>"; };
		04531A9A23AC4F9900975066 /* Tip CalUITests.xctest */ = {isa = PBXFileReference; explicitFileType = wrapper.cfbundle; includeInIndex = 0; path = "Tip CalUITests.xctest"; sourceTree = BUILT_PRODUCTS_DIR; };
		04531A9E23AC4F9900975066 /* Tip_CalUITests.swift */ = {isa = PBXFileReference; lastKnownFileType = sourcecode.swift; path = Tip_CalUITests.swift; sourceTree = "<group>"; };
		04531AA023AC4F9900975066 /* Info.plist */ = {isa = PBXFileReference; lastKnownFileType = text.plist.xml; path = Info.plist; sourceTree = "<group>"; };
/* End PBXFileReference section */

/* Begin PBXFrameworksBuildPhase section */
		04531A7823AC4F9500975066 /* Frameworks */ = {
			isa = PBXFrameworksBuildPhase;
			buildActionMask = 2147483647;
			files = (
			);
			runOnlyForDeploymentPostprocessing = 0;
		};
		04531A8C23AC4F9900975066 /* Frameworks */ = {
			isa = PBXFrameworksBuildPhase;
			buildActionMask = 2147483647;
			files = (
			);
			runOnlyForDeploymentPostprocessing = 0;
		};
		04531A9723AC4F9900975066 /* Frameworks */ = {
			isa = PBXFrameworksBuildPhase;
			buildActionMask = 2147483647;
			files = (
			);
			runOnlyForDeploymentPostprocessing = 0;
		};
/* End PBXFrameworksBuildPhase section */

/* Begin PBXGroup section */
		04531A7223AC4F9500975066 = {
			isa = PBXGroup;
			children = (
				04531A7D23AC4F9500975066 /* Tip Cal */,
				04531A9223AC4F9900975066 /* Tip CalTests */,
				04531A9D23AC4F9900975066 /* Tip CalUITests */,
				04531A7C23AC4F9500975066 /* Products */,
			);
			sourceTree = "<group>";
		};
		04531A7C23AC4F9500975066 /* Products */ = {
			isa = PBXGroup;
			children = (
				04531A7B23AC4F9500975066 /* Tip Cal.app */,
				04531A8F23AC4F9900975066 /* Tip CalTests.xctest */,
				04531A9A23AC4F9900975066 /* Tip CalUITests.xctest */,
			);
			name = Products;
			sourceTree = "<group>";
		};
		04531A7D23AC4F9500975066 /* Tip Cal */ = {
			isa = PBXGroup;
			children = (
				04531A7E23AC4F9500975066 /* AppDelegate.swift */,
				04531A8023AC4F9500975066 /* ViewController.swift */,
				04531A8223AC4F9500975066 /* Main.storyboard */,
				04531A8523AC4F9900975066 /* Assets.xcassets */,
				04531A8723AC4F9900975066 /* LaunchScreen.storyboard */,
				04531A8A23AC4F9900975066 /* Info.plist */,
			);
			path = "Tip Cal";
			sourceTree = "<group>";
		};
		04531A9223AC4F9900975066 /* Tip CalTests */ = {
			isa = PBXGroup;
			children = (
				04531A9323AC4F9900975066 /* Tip_CalTests.swift */,
				04531A9523AC4F9900975066 /* Info.plist */,
			);
			path = "Tip CalTests";
			sourceTree = "<group>";
		};
		04531A9D23AC4F9900975066 /* Tip CalUITests */ = {
			isa = PBXGroup;
			children = (
				04531A9E23AC4F9900975066 /* Tip_CalUITests.swift */,
				04531AA023AC4F9900975066 /* Info.plist */,
			);
			path = "Tip CalUITests";
			sourceTree = "<group>";
		};
/* End PBXGroup section */

/* Begin PBXNativeTarget section */
		04531A7A23AC4F9500975066 /* Tip Cal */ = {
			isa = PBXNativeTarget;
			buildConfigurationList = 04531AA323AC4F9A00975066 /* Build configuration list for PBXNativeTarget "Tip Cal" */;
			buildPhases = (
				04531A7723AC4F9500975066 /* Sources */,
				04531A7823AC4F9500975066 /* Frameworks */,
				04531A7923AC4F9500975066 /* Resources */,
			);
			buildRules = (
			);
			dependencies = (
			);
			name = "Tip Cal";
			productName = "Tip Cal";
			productReference = 04531A7B23AC4F9500975066 /* Tip Cal.app */;
			productType = "com.apple.product-type.application";
		};
		04531A8E23AC4F9900975066 /* Tip CalTests */ = {
			isa = PBXNativeTarget;
			buildConfigurationList = 04531AA623AC4F9A00975066 /* Build configuration list for PBXNativeTarget "Tip CalTests" */;
			buildPhases = (
				04531A8B23AC4F9900975066 /* Sources */,
				04531A8C23AC4F9900975066 /* Frameworks */,
				04531A8D23AC4F9900975066 /* Resources */,
			);
			buildRules = (
			);
			dependencies = (
				04531A9123AC4F9900975066 /* PBXTargetDependency */,
			);
			name = "Tip CalTests";
			productName = "Tip CalTests";
			productReference = 04531A8F23AC4F9900975066 /* Tip CalTests.xctest */;
			productType = "com.apple.product-type.bundle.unit-test";
		};
		04531A9923AC4F9900975066 /* Tip CalUITests */ = {
			isa = PBXNativeTarget;
			buildConfigurationList = 04531AA923AC4F9A00975066 /* Build configuration list for PBXNativeTarget "Tip CalUITests" */;
			buildPhases = (
				04531A9623AC4F9900975066 /* Sources */,
				04531A9723AC4F9900975066 /* Frameworks */,
				04531A9823AC4F9900975066 /* Resources */,
			);
			buildRules = (
			);
			dependencies = (
				04531A9C23AC4F9900975066 /* PBXTargetDependency */,
			);
			name = "Tip CalUITests";
			productName = "Tip CalUITests";
			productReference = 04531A9A23AC4F9900975066 /* Tip CalUITests.xctest */;
			productType = "com.apple.product-type.bundle.ui-testing";
		};
/* End PBXNativeTarget section */

/* Begin PBXProject section */
		04531A7323AC4F9500975066 /* Project object */ = {
			isa = PBXProject;
			attributes = {
				LastSwiftUpdateCheck = 1010;
				LastUpgradeCheck = 1010;
				ORGANIZATIONNAME = Mac;
				TargetAttributes = {
					04531A7A23AC4F9500975066 = {
						CreatedOnToolsVersion = 10.1;
					};
					04531A8E23AC4F9900975066 = {
						CreatedOnToolsVersion = 10.1;
						TestTargetID = 04531A7A23AC4F9500975066;
					};
					04531A9923AC4F9900975066 = {
						CreatedOnToolsVersion = 10.1;
						TestTargetID = 04531A7A23AC4F9500975066;
					};
				};
			};
			buildConfigurationList = 04531A7623AC4F9500975066 /* Build configuration list for PBXProject "Tip Cal" */;
			compatibilityVersion = "Xcode 9.3";
			developmentRegion = en;
			hasScannedForEncodings = 0;
			knownRegions = (
				en,
				Base,
			);
			mainGroup = 04531A7223AC4F9500975066;
			productRefGroup = 04531A7C23AC4F9500975066 /* Products */;
			projectDirPath = "";
			projectRoot = "";
			targets = (
				04531A7A23AC4F9500975066 /* Tip Cal */,
				04531A8E23AC4F9900975066 /* Tip CalTests */,
				04531A9923AC4F9900975066 /* Tip CalUITests */,
			);
		};
/* End PBXProject section */

/* Begin PBXResourcesBuildPhase section */
		04531A7923AC4F9500975066 /* Resources */ = {
			isa = PBXResourcesBuildPhase;
			buildActionMask = 2147483647;
			files = (
				04531A8923AC4F9900975066 /* LaunchScreen.storyboard in Resources */,
				04531A8623AC4F9900975066 /* Assets.xcassets in Resources */,
				04531A8423AC4F9500975066 /* Main.storyboard in Resources */,
			);
			runOnlyForDeploymentPostprocessing = 0;
		};
		04531A8D23AC4F9900975066 /* Resources */ = {
			isa = PBXResourcesBuildPhase;
			buildActionMask = 2147483647;
			files = (
			);
			runOnlyForDeploymentPostprocessing = 0;
		};
		04531A9823AC4F9900975066 /* Resources */ = {
			isa = PBXResourcesBuildPhase;
			buildActionMask = 2147483647;
			files = (
			);
			runOnlyForDeploymentPostprocessing = 0;
		};
/* End PBXResourcesBuildPhase section */

/* Begin PBXSourcesBuildPhase section */
		04531A7723AC4F9500975066 /* Sources */ = {
			isa = PBXSourcesBuildPhase;
			buildActionMask = 2147483647;
			files = (
				04531A8123AC4F9500975066 /* ViewController.swift in Sources */,
				04531A7F23AC4F9500975066 /* AppDelegate.swift in Sources */,
			);
			runOnlyForDeploymentPostprocessing = 0;
		};
		04531A8B23AC4F9900975066 /* Sources */ = {
			isa = PBXSourcesBuildPhase;
			buildActionMask = 2147483647;
			files = (
				04531A9423AC4F9900975066 /* Tip_CalTests.swift in Sources */,
			);
			runOnlyForDeploymentPostprocessing = 0;
		};
		04531A9623AC4F9900975066 /* Sources */ = {
			isa = PBXSourcesBuildPhase;
			buildActionMask = 2147483647;
			files = (
				04531A9F23AC4F9900975066 /* Tip_CalUITests.swift in Sources */,
			);
			runOnlyForDeploymentPostprocessing = 0;
		};
/* End PBXSourcesBuildPhase section */

/* Begin PBXTargetDependency section */
		04531A9123AC4F9900975066 /* PBXTargetDependency */ = {
			isa = PBXTargetDependency;
			target = 04531A7A23AC4F9500975066 /* Tip Cal */;
			targetProxy = 04531A9023AC4F9900975066 /* PBXContainerItemProxy */;
		};
		04531A9C23AC4F9900975066 /* PBXTargetDependency */ = {
			isa = PBXTargetDependency;
			target = 04531A7A23AC4F9500975066 /* Tip Cal */;
			targetProxy = 04531A9B23AC4F9900975066 /* PBXContainerItemProxy */;
		};
/* End PBXTargetDependency section */

/* Begin PBXVariantGroup section */
		04531A8223AC4F9500975066 /* Main.storyboard */ = {
			isa = PBXVariantGroup;
			children = (
				04531A8323AC4F9500975066 /* Base */,
			);
			name = Main.storyboard;
			sourceTree = "<group>";
		};
		04531A8723AC4F9900975066 /* LaunchScreen.storyboard */ = {
			isa = PBXVariantGroup;
			children = (
				04531A8823AC4F9900975066 /* Base */,
			);
			name = LaunchScreen.storyboard;
			sourceTree = "<group>";
		};
/* End PBXVariantGroup section */

/* Begin XCBuildConfiguration section */
		04531AA123AC4F9A00975066 /* Debug */ = {
			isa = XCBuildConfiguration;
			buildSettings = {
				ALWAYS_SEARCH_USER_PATHS = NO;
				CLANG_ANALYZER_NONNULL = YES;
				CLANG_ANALYZER_NUMBER_OBJECT_CONVERSION = YES_AGGRESSIVE;
				CLANG_CXX_LANGUAGE_STANDARD = "gnu++14";
				CLANG_CXX_LIBRARY = "libc++";
				CLANG_ENABLE_MODULES = YES;
				CLANG_ENABLE_OBJC_ARC = YES;
				CLANG_ENABLE_OBJC_WEAK = YES;
				CLANG_WARN_BLOCK_CAPTURE_AUTORELEASING = YES;
				CLANG_WARN_BOOL_CONVERSION = YES;
				CLANG_WARN_COMMA = YES;
				CLANG_WARN_CONSTANT_CONVERSION = YES;
				CLANG_WARN_DEPRECATED_OBJC_IMPLEMENTATIONS = YES;
				CLANG_WARN_DIRECT_OBJC_ISA_USAGE = YES_ERROR;
				CLANG_WARN_DOCUMENTATION_COMMENTS = YES;
				CLANG_WARN_EMPTY_BODY = YES;
				CLANG_WARN_ENUM_CONVERSION = YES;
				CLANG_WARN_INFINITE_RECURSION = YES;
				CLANG_WARN_INT_CONVERSION = YES;
				CLANG_WARN_NON_LITERAL_NULL_CONVERSION = YES;
				CLANG_WARN_OBJC_IMPLICIT_RETAIN_SELF = YES;
				CLANG_WARN_OBJC_LITERAL_CONVERSION = YES;
				CLANG_WARN_OBJC_ROOT_CLASS = YES_ERROR;
				CLANG_WARN_RANGE_LOOP_ANALYSIS = YES;
				CLANG_WARN_STRICT_PROTOTYPES = YES;
				CLANG_WARN_SUSPICIOUS_MOVE = YES;
				CLANG_WARN_UNGUARDED_AVAILABILITY = YES_AGGRESSIVE;
				CLANG_WARN_UNREACHABLE_CODE = YES;
				CLANG_WARN__DUPLICATE_METHOD_MATCH = YES;
				CODE_SIGN_IDENTITY = "iPhone Developer";
				COPY_PHASE_STRIP = NO;
				DEBUG_INFORMATION_FORMAT = dwarf;
				ENABLE_STRICT_OBJC_MSGSEND = YES;
				ENABLE_TESTABILITY = YES;
				GCC_C_LANGUAGE_STANDARD = gnu11;
				GCC_DYNAMIC_NO_PIC = NO;
				GCC_NO_COMMON_BLOCKS = YES;
				GCC_OPTIMIZATION_LEVEL = 0;
				GCC_PREPROCESSOR_DEFINITIONS = (
					"DEBUG=1",
					"$(inherited)",
				);
				GCC_WARN_64_TO_32_BIT_CONVERSION = YES;
				GCC_WARN_ABOUT_RETURN_TYPE = YES_ERROR;
				GCC_WARN_UNDECLARED_SELECTOR = YES;
				GCC_WARN_UNINITIALIZED_AUTOS = YES_AGGRESSIVE;
				GCC_WARN_UNUSED_FUNCTION = YES;
				GCC_WARN_UNUSED_VARIABLE = YES;
				IPHONEOS_DEPLOYMENT_TARGET = 12.1;
				MTL_ENABLE_DEBUG_INFO = INCLUDE_SOURCE;
				MTL_FAST_MATH = YES;
				ONLY_ACTIVE_ARCH = YES;
				SDKROOT = iphoneos;
				SWIFT_ACTIVE_COMPILATION_CONDITIONS = DEBUG;
				SWIFT_OPTIMIZATION_LEVEL = "-Onone";
			};
			name = Debug;
		};
		04531AA223AC4F9A00975066 /* Release */ = {
			isa = XCBuildConfiguration;
			buildSettings = {
				ALWAYS_SEARCH_USER_PATHS = NO;
				CLANG_ANALYZER_NONNULL = YES;
				CLANG_ANALYZER_NUMBER_OBJECT_CONVERSION = YES_AGGRESSIVE;
				CLANG_CXX_LANGUAGE_STANDARD = "gnu++14";
				CLANG_CXX_LIBRARY = "libc++";
				CLANG_ENABLE_MODULES = YES;
				CLANG_ENABLE_OBJC_ARC = YES;
				CLANG_ENABLE_OBJC_WEAK = YES;
				CLANG_WARN_BLOCK_CAPTURE_AUTORELEASING = YES;
				CLANG_WARN_BOOL_CONVERSION = YES;
				CLANG_WARN_COMMA = YES;
				CLANG_WARN_CONSTANT_CONVERSION = YES;
				CLANG_WARN_DEPRECATED_OBJC_IMPLEMENTATIONS = YES;
				CLANG_WARN_DIRECT_OBJC_ISA_USAGE = YES_ERROR;
				CLANG_WARN_DOCUMENTATION_COMMENTS = YES;
				CLANG_WARN_EMPTY_BODY = YES;
				CLANG_WARN_ENUM_CONVERSION = YES;
				CLANG_WARN_INFINITE_RECURSION = YES;
				CLANG_WARN_INT_CONVERSION = YES;
				CLANG_WARN_NON_LITERAL_NULL_CONVERSION = YES;
				CLANG_WARN_OBJC_IMPLICIT_RETAIN_SELF = YES;
				CLANG_WARN_OBJC_LITERAL_CONVERSION = YES;
				CLANG_WARN_OBJC_ROOT_CLASS = YES_ERROR;
				CLANG_WARN_RANGE_LOOP_ANALYSIS = YES;
				CLANG_WARN_STRICT_PROTOTYPES = YES;
				CLANG_WARN_SUSPICIOUS_MOVE = YES;
				CLANG_WARN_UNGUARDED_AVAILABILITY = YES_AGGRESSIVE;
				CLANG_WARN_UNREACHABLE_CODE = YES;
				CLANG_WARN__DUPLICATE_METHOD_MATCH = YES;
				CODE_SIGN_IDENTITY = "iPhone Developer";
				COPY_PHASE_STRIP = NO;
				DEBUG_INFORMATION_FORMAT = "dwarf-with-dsym";
				ENABLE_NS_ASSERTIONS = NO;
				ENABLE_STRICT_OBJC_MSGSEND = YES;
				GCC_C_LANGUAGE_STANDARD = gnu11;
				GCC_NO_COMMON_BLOCKS = YES;
				GCC_WARN_64_TO_32_BIT_CONVERSION = YES;
				GCC_WARN_ABOUT_RETURN_TYPE = YES_ERROR;
				GCC_WARN_UNDECLARED_SELECTOR = YES;
				GCC_WARN_UNINITIALIZED_AUTOS = YES_AGGRESSIVE;
				GCC_WARN_UNUSED_FUNCTION = YES;
				GCC_WARN_UNUSED_VARIABLE = YES;
				IPHONEOS_DEPLOYMENT_TARGET = 12.1;
				MTL_ENABLE_DEBUG_INFO = NO;
				MTL_FAST_MATH = YES;
				SDKROOT = iphoneos;
				SWIFT_COMPILATION_MODE = wholemodule;
				SWIFT_OPTIMIZATION_LEVEL = "-O";
				VALIDATE_PRODUCT = YES;
			};
			name = Release;
		};
		04531AA423AC4F9A00975066 /* Debug */ = {
			isa = XCBuildConfiguration;
			buildSettings = {
				ASSETCATALOG_COMPILER_APPICON_NAME = AppIcon;
				CODE_SIGN_STYLE = Automatic;
				INFOPLIST_FILE = "Tip Cal/Info.plist";
				LD_RUNPATH_SEARCH_PATHS = (
					"$(inherited)",
					"@executable_path/Frameworks",
				);
				PRODUCT_BUNDLE_IDENTIFIER = "cpp.Tip-Cal";
				PRODUCT_NAME = "$(TARGET_NAME)";
				SWIFT_VERSION = 4.2;
				TARGETED_DEVICE_FAMILY = "1,2";
			};
			name = Debug;
		};
		04531AA523AC4F9A00975066 /* Release */ = {
			isa = XCBuildConfiguration;
			buildSettings = {
				ASSETCATALOG_COMPILER_APPICON_NAME = AppIcon;
				CODE_SIGN_STYLE = Automatic;
				INFOPLIST_FILE = "Tip Cal/Info.plist";
				LD_RUNPATH_SEARCH_PATHS = (
					"$(inherited)",
					"@executable_path/Frameworks",
				);
				PRODUCT_BUNDLE_IDENTIFIER = "cpp.Tip-Cal";
				PRODUCT_NAME = "$(TARGET_NAME)";
				SWIFT_VERSION = 4.2;
				TARGETED_DEVICE_FAMILY = "1,2";
			};
			name = Release;
		};
		04531AA723AC4F9A00975066 /* Debug */ = {
			isa = XCBuildConfiguration;
			buildSettings = {
				ALWAYS_EMBED_SWIFT_STANDARD_LIBRARIES = YES;
				BUNDLE_LOADER = "$(TEST_HOST)";
				CODE_SIGN_STYLE = Automatic;
				INFOPLIST_FILE = "Tip CalTests/Info.plist";
				LD_RUNPATH_SEARCH_PATHS = (
					"$(inherited)",
					"@executable_path/Frameworks",
					"@loader_path/Frameworks",
				);
				PRODUCT_BUNDLE_IDENTIFIER = "cpp.Tip-CalTests";
				PRODUCT_NAME = "$(TARGET_NAME)";
				SWIFT_VERSION = 4.2;
				TARGETED_DEVICE_FAMILY = "1,2";
				TEST_HOST = "$(BUILT_PRODUCTS_DIR)/Tip Cal.app/Tip Cal";
			};
			name = Debug;
		};
		04531AA823AC4F9A00975066 /* Release */ = {
			isa = XCBuildConfiguration;
			buildSettings = {
				ALWAYS_EMBED_SWIFT_STANDARD_LIBRARIES = YES;
				BUNDLE_LOADER = "$(TEST_HOST)";
				CODE_SIGN_STYLE = Automatic;
				INFOPLIST_FILE = "Tip CalTests/Info.plist";
				LD_RUNPATH_SEARCH_PATHS = (
					"$(inherited)",
					"@executable_path/Frameworks",
					"@loader_path/Frameworks",
				);
				PRODUCT_BUNDLE_IDENTIFIER = "cpp.Tip-CalTests";
				PRODUCT_NAME = "$(TARGET_NAME)";
				SWIFT_VERSION = 4.2;
				TARGETED_DEVICE_FAMILY = "1,2";
				TEST_HOST = "$(BUILT_PRODUCTS_DIR)/Tip Cal.app/Tip Cal";
			};
			name = Release;
		};
		04531AAA23AC4F9A00975066 /* Debug */ = {
			isa = XCBuildConfiguration;
			buildSettings = {
				ALWAYS_EMBED_SWIFT_STANDARD_LIBRARIES = YES;
				CODE_SIGN_STYLE = Automatic;
				INFOPLIST_FILE = "Tip CalUITests/Info.plist";
				LD_RUNPATH_SEARCH_PATHS = (
					"$(inherited)",
					"@executable_path/Frameworks",
					"@loader_path/Frameworks",
				);
				PRODUCT_BUNDLE_IDENTIFIER = "cpp.Tip-CalUITests";
				PRODUCT_NAME = "$(TARGET_NAME)";
				SWIFT_VERSION = 4.2;
				TARGETED_DEVICE_FAMILY = "1,2";
				TEST_TARGET_NAME = "Tip Cal";
			};
			name = Debug;
		};
		04531AAB23AC4F9A00975066 /* Release */ = {
			isa = XCBuildConfiguration;
			buildSettings = {
				ALWAYS_EMBED_SWIFT_STANDARD_LIBRARIES = YES;
				CODE_SIGN_STYLE = Automatic;
				INFOPLIST_FILE = "Tip CalUITests/Info.plist";
				LD_RUNPATH_SEARCH_PATHS = (
					"$(inherited)",
					"@executable_path/Frameworks",
					"@loader_path/Frameworks",
				);
				PRODUCT_BUNDLE_IDENTIFIER = "cpp.Tip-CalUITests";
				PRODUCT_NAME = "$(TARGET_NAME)";
				SWIFT_VERSION = 4.2;
				TARGETED_DEVICE_FAMILY = "1,2";
				TEST_TARGET_NAME = "Tip Cal";
			};
			name = Release;
		};
/* End XCBuildConfiguration section */

/* Begin XCConfigurationList section */
		04531A7623AC4F9500975066 /* Build configuration list for PBXProject "Tip Cal" */ = {
			isa = XCConfigurationList;
			buildConfigurations = (
				04531AA123AC4F9A00975066 /* Debug */,
				04531AA223AC4F9A00975066 /* Release */,
			);
			defaultConfigurationIsVisible = 0;
			defaultConfigurationName = Release;
		};
		04531AA323AC4F9A00975066 /* Build configuration list for PBXNativeTarget "Tip Cal" */ = {
			isa = XCConfigurationList;
			buildConfigurations = (
				04531AA423AC4F9A00975066 /* Debug */,
				04531AA523AC4F9A00975066 /* Release */,
			);
			defaultConfigurationIsVisible = 0;
			defaultConfigurationName = Release;
		};
		04531AA623AC4F9A00975066 /* Build configuration list for PBXNativeTarget "Tip CalTests" */ = {
			isa = XCConfigurationList;
			buildConfigurations = (
				04531AA723AC4F9A00975066 /* Debug */,
				04531AA823AC4F9A00975066 /* Release */,
			);
			defaultConfigurationIsVisible = 0;
			defaultConfigurationName = Release;
		};
		04531AA923AC4F9A00975066 /* Build configuration list for PBXNativeTarget "Tip CalUITests" */ = {
			isa = XCConfigurationList;
			buildConfigurations = (
				04531AAA23AC4F9A00975066 /* Debug */,
				04531AAB23AC4F9A00975066 /* Release */,
			);
			defaultConfigurationIsVisible = 0;
			defaultConfigurationName = Release;
		};
/* End XCConfigurationList section */
	};
	rootObject = 04531A7323AC4F9500975066 /* Project object */;
}
